
Microsoft Visual Studio Solution File, Format Version 12.00
# Visual Studio Version 17
VisualStudioVersion = 17.6.33815.320
MinimumVisualStudioVersion = 10.0.40219.1
Project("{FAE04EC0-301F-11D3-BF4B-00C04F79EFBC}") = "UAS_Kelompok21_PABD", "UAS_Kelompok21_PABD\UAS_Kelompok21_PABD.csproj", "{56F05A48-5008-4092-AAA0-86D89F13AECD}"
EndProject
Global
	GlobalSection(SolutionConfigurationPlatforms) = preSolution
		Debug|Any CPU = Debug|Any CPU
		Release|Any CPU = Release|Any CPU
	EndGlobalSection
	GlobalSection(ProjectConfigurationPlatforms) = postSolution
		{56F05A48-5008-4092-AAA0-86D89F13AECD}.Debug|Any CPU.ActiveCfg = Debug|Any CPU
		{56F05A48-5008-4092-AAA0-86D89F13AECD}.Debug|Any CPU.Build.0 = Debug|Any CPU
		{56F05A48-5008-4092-AAA0-86D89F13AECD}.Release|Any CPU.ActiveCfg = Release|Any CPU
		{56F05A48-5008-4092-AAA0-86D89F13AECD}.Release|Any CPU.Build.0 = Release|Any CPU
	EndGlobalSection
	GlobalSection(SolutionProperties) = preSolution
		HideSolutionNode = FALSE
	EndGlobalSection
	GlobalSection(ExtensibilityGlobals) = postSolution
		SolutionGuid = {C377A44F-4E89-496A-85EC-1AE9783FDD7B}
	EndGlobalSection
EndGlobal
